{
  "name": "05a12c02e113f134",
  "version": "654.0.0",
  "lockfileVersion": 1,
  "requires": true,
  "dependencies": {
    "@observablehq/inspector": {
      "version": "3.2.4",
      "resolved": "https://registry.npmjs.org/@observablehq/inspector/-/inspector-3.2.4.tgz",
      "integrity": "sha512-P1TdR95pvvNri0XV6X/R+s9XO70d8ozhOp2cMXEJ2zsiGzB8VjOdrJgRJyLjEJ0OJy7jP9VXFiC1Hej8WgsF5A==",
      "requires": {
        "isoformat": "^0.2.0"
      }
    },
    "@observablehq/runtime": {
      "version": "4.0.0",
      "resolved": "https://registry.npmjs.org/@observablehq/runtime/-/runtime-4.0.0.tgz",
      "integrity": "sha512-XH5he0q/MFCYWwuYIzfYnkVHfZP+zpXQJgcu54CVmgYPBJnVyheNsit9DDHOz7i6YpRX3Bjy6Rlu4GddS7ZZeA==",
      "requires": {
        "@observablehq/inspector": "^3.0.0",
        "@observablehq/stdlib": "^3.0.0",
        "esm": "^3.0.84"
      }
    },
    "@observablehq/stdlib": {
      "version": "3.14.8",
      "resolved": "https://registry.npmjs.org/@observablehq/stdlib/-/stdlib-3.14.8.tgz",
      "integrity": "sha512-IyKYgEeQVVquID4jietGR6l8YqoaZyyGuDHBSnztrcoxDNA2RCvQr76ObL/p4wjNPNGDW8PDZi0chLcFxrn+4A==",
      "requires": {
        "d3-dsv": "^2.0.0",
        "d3-require": "^1.2.4"
      }
    },
    "commander": {
      "version": "2.20.3",
      "resolved": "https://registry.npmjs.org/commander/-/commander-2.20.3.tgz",
      "integrity": "sha512-GpVkmM8vF2vQUkj2LvZmD35JxeJOLCwJ9cUkugyk2nuhbv3+mJvpLYYt+0+USMxE+oj+ey/lJEnhZw75x/OMcQ=="
    },
    "d3-dsv": {
      "version": "2.0.0",
      "resolved": "https://registry.npmjs.org/d3-dsv/-/d3-dsv-2.0.0.tgz",
      "integrity": "sha512-E+Pn8UJYx9mViuIUkoc93gJGGYut6mSDKy2+XaPwccwkRGlR+LO97L2VCCRjQivTwLHkSnAJG7yo00BWY6QM+w==",
      "requires": {
        "commander": "2",
        "iconv-lite": "0.4",
        "rw": "1"
      }
    },
    "d3-require": {
      "version": "1.2.4",
      "resolved": "https://registry.npmjs.org/d3-require/-/d3-require-1.2.4.tgz",
      "integrity": "sha512-8UseEGCkBkBxIMouLMPONUBmU8DUPC1q12LARV1Lk/2Jwa32SVgmRfX8GdIeR06ZP+CG85YD3N13K2s14qCNyA=="
    },
    "esm": {
      "version": "3.2.25",
      "resolved": "https://registry.npmjs.org/esm/-/esm-3.2.25.tgz",
      "integrity": "sha512-U1suiZ2oDVWv4zPO56S0NcR5QriEahGtdN2OR6FiOG4WJvcjBVFB0qI4+eKoWFH483PKGuLuu6V8Z4T5g63UVA=="
    },
    "iconv-lite": {
      "version": "0.4.24",
      "resolved": "https://registry.npmjs.org/iconv-lite/-/iconv-lite-0.4.24.tgz",
      "integrity": "sha512-v3MXnZAcvnywkTUEZomIActle7RXXeedOR31wwl7VlyoXO4Qi9arvSenNQWne1TcRwhCL1HwLI21bEqdpj8/rA==",
      "requires": {
        "safer-buffer": ">= 2.1.2 < 3"
      }
    },
    "isoformat": {
      "version": "0.2.1",
      "resolved": "https://registry.npmjs.org/isoformat/-/isoformat-0.2.1.tgz",
      "integrity": "sha512-tFLRAygk9NqrRPhJSnNGh7g7oaVWDwR0wKh/GM2LgmPa50Eg4UfyaCO4I8k6EqJHl1/uh2RAD6g06n5ygEnrjQ=="
    },
    "rw": {
      "version": "1.3.3",
      "resolved": "https://registry.npmjs.org/rw/-/rw-1.3.3.tgz",
      "integrity": "sha1-P4Yt+pGrdmsUiF700BEkv9oHT7Q="
    },
    "safer-buffer": {
      "version": "2.1.2",
      "resolved": "https://registry.npmjs.org/safer-buffer/-/safer-buffer-2.1.2.tgz",
      "integrity": "sha512-YZo3K82SD7Riyi0E1EQPojLz7kpepnSQI9IyPbHHg1XXXevb5dJI7tpyN2ADxGcQbHG7vcyRHk0cbwqcQriUtg=="
    }
  }
}
